
Microsoft Visual Studio Solution File, Format Version 12.00
# Visual Studio 14
VisualStudioVersion = 14.0.25420.1
MinimumVisualStudioVersion = 10.0.40219.1
Project("{FAE04EC0-301F-11D3-BF4B-00C04F79EFBC}") = "0_AdvSeleniumAPI V2", "AdvSeleniumAPI V2\0_AdvSeleniumAPI V2.csproj", "{D6D30F50-30A6-463D-9560-BACEFC10F1F6}"
EndProject
Project("{FAE04EC0-301F-11D3-BF4B-00C04F79EFBC}") = "ConsoleApplication1", "ConsoleApplication1\ConsoleApplication1.csproj", "{D5FBC96C-6F53-4C4C-8010-AE27C8B91DAD}"
EndProject
Project("{FAE04EC0-301F-11D3-BF4B-00C04F79EFBC}") = "WISE_WebUI_RS485Config", "WISE_WebUI_RS485Config\WISE_WebUI_RS485Config.csproj", "{F0AFF458-C130-44E0-BCB0-D183AE73A2D7}"
EndProject
Project("{FAE04EC0-301F-11D3-BF4B-00C04F79EFBC}") = "WISE_WebUI_CloudConfig", "WISE_WebUI_CloudConfig\WISE_WebUI_CloudConfig.csproj", "{B39FCBA7-6171-41E4-B48E-EBE18532E77F}"
EndProject
Project("{FAE04EC0-301F-11D3-BF4B-00C04F79EFBC}") = "WISE_WebUI_ModbusSetting", "WISE_WebUI_ModbusSetting\WISE_WebUI_ModbusSetting.csproj", "{4D605AEA-D162-4E1B-96A8-F5BF6790ED46}"
EndProject
Project("{FAE04EC0-301F-11D3-BF4B-00C04F79EFBC}") = "WISE_WebUI_AccCtrl", "WISE_WebUI_AccCtrl\WISE_WebUI_AccCtrl.csproj", "{25DFDEBF-37F1-437C-9296-FCC486BCCC05}"
EndProject
Project("{FAE04EC0-301F-11D3-BF4B-00C04F79EFBC}") = "WISE_WebUI_DataConfg", "WISE_WebUI_DataConfg\WISE_WebUI_DataConfg.csproj", "{9715D94B-E250-4367-8BF0-40BFA262A3B5}"
EndProject
Project("{FAE04EC0-301F-11D3-BF4B-00C04F79EFBC}") = "WISE_WebUI_LoggerConfg", "WISE_WebUI_LoggerConfg\WISE_WebUI_LoggerConfg.csproj", "{DD3B81C2-8B40-4E24-9BE4-4C0D16152FE1}"
EndProject
Project("{FAE04EC0-301F-11D3-BF4B-00C04F79EFBC}") = "WISE_WebUI_LoggerQuery", "WISE_WebUI_LoggerQuery\WISE_WebUI_LoggerQuery.csproj", "{01E5BC8E-5045-4FCF-A35E-F2F8682CB785}"
EndProject
Project("{FAE04EC0-301F-11D3-BF4B-00C04F79EFBC}") = "WISE_WebUI_InfoConfg", "WISE_WebUI_InfoConfg\WISE_WebUI_InfoConfg.csproj", "{40465A0C-4BAA-4EA0-8A5B-66EEB7FA06AC}"
EndProject
Project("{FAE04EC0-301F-11D3-BF4B-00C04F79EFBC}") = "WISE_WebUI_WirelessConfg", "WISE_WebUI_WirelessConfg\WISE_WebUI_WirelessConfg.csproj", "{67559C44-18A2-4861-A766-125A83ABE201}"
EndProject
Project("{FAE04EC0-301F-11D3-BF4B-00C04F79EFBC}") = "WISE_WebUI_NetworkConfg", "WISE_WebUI_NetworkConfg\WISE_WebUI_NetworkConfg.csproj", "{4AE4800E-F90F-47D2-8C19-056144A6C04C}"
EndProject
Project("{FAE04EC0-301F-11D3-BF4B-00C04F79EFBC}") = "WISE_WebUI_TandDConfg", "WISE_WebUI_TandDConfg\WISE_WebUI_TandDConfg.csproj", "{BFB58DDE-2C61-4A16-9E13-317DD1BC098E}"
EndProject
Project("{FAE04EC0-301F-11D3-BF4B-00C04F79EFBC}") = "WISE_WebUI_AcntConfg", "WISE_WebUI_AccountConfg\WISE_WebUI_AcntConfg.csproj", "{C27FC671-7B56-43D1-9B53-1A9BF197003D}"
EndProject
Project("{FAE04EC0-301F-11D3-BF4B-00C04F79EFBC}") = "WISE_WebUI_DI", "WISE_WebUI_DI\WISE_WebUI_DI.csproj", "{92ABE96D-CDED-43D8-AEFC-83DC8BA94CD0}"
EndProject
Project("{FAE04EC0-301F-11D3-BF4B-00C04F79EFBC}") = "WISE_WebUI_DO", "WISE_WebUI_DO\WISE_WebUI_DO.csproj", "{587278D3-9ADE-4D9E-9EFB-67532BC30462}"
EndProject
Project("{FAE04EC0-301F-11D3-BF4B-00C04F79EFBC}") = "WISE_WebUI_AI", "WISE_WebUI_AI\WISE_WebUI_AI.csproj", "{43CC40F3-4281-4A11-8A41-2B93FA96F914}"
EndProject
Project("{FAE04EC0-301F-11D3-BF4B-00C04F79EFBC}") = "2_WISE_WebUI_GroupConfig", "1_WISE_WebUI_GroupConfig\2_WISE_WebUI_GroupConfig.csproj", "{2BDCE299-0838-4ED5-AC4E-CE4C9DCD2A47}"
EndProject
Project("{FAE04EC0-301F-11D3-BF4B-00C04F79EFBC}") = "WISE_WebUI_DropBox", "WISE_WebUI_DropBox\WISE_WebUI_DropBox.csproj", "{DE101AE1-B759-4C12-BB97-8CADC3CD1605}"
EndProject
Project("{FAE04EC0-301F-11D3-BF4B-00C04F79EFBC}") = "WISE_WebUI_PrivateServer", "WISE_WebUI_PrivateServer\WISE_WebUI_PrivateServer.csproj", "{EACF4F73-CE80-4847-AC0A-64A34D086D5C}"
EndProject
Global
	GlobalSection(SolutionConfigurationPlatforms) = preSolution
		Debug|Any CPU = Debug|Any CPU
		Release|Any CPU = Release|Any CPU
	EndGlobalSection
	GlobalSection(ProjectConfigurationPlatforms) = postSolution
		{D6D30F50-30A6-463D-9560-BACEFC10F1F6}.Debug|Any CPU.ActiveCfg = Debug|Any CPU
		{D6D30F50-30A6-463D-9560-BACEFC10F1F6}.Debug|Any CPU.Build.0 = Debug|Any CPU
		{D6D30F50-30A6-463D-9560-BACEFC10F1F6}.Release|Any CPU.ActiveCfg = Release|Any CPU
		{D6D30F50-30A6-463D-9560-BACEFC10F1F6}.Release|Any CPU.Build.0 = Release|Any CPU
		{D5FBC96C-6F53-4C4C-8010-AE27C8B91DAD}.Debug|Any CPU.ActiveCfg = Debug|Any CPU
		{D5FBC96C-6F53-4C4C-8010-AE27C8B91DAD}.Debug|Any CPU.Build.0 = Debug|Any CPU
		{D5FBC96C-6F53-4C4C-8010-AE27C8B91DAD}.Release|Any CPU.ActiveCfg = Release|Any CPU
		{D5FBC96C-6F53-4C4C-8010-AE27C8B91DAD}.Release|Any CPU.Build.0 = Release|Any CPU
		{F0AFF458-C130-44E0-BCB0-D183AE73A2D7}.Debug|Any CPU.ActiveCfg = Debug|Any CPU
		{F0AFF458-C130-44E0-BCB0-D183AE73A2D7}.Debug|Any CPU.Build.0 = Debug|Any CPU
		{F0AFF458-C130-44E0-BCB0-D183AE73A2D7}.Release|Any CPU.ActiveCfg = Release|Any CPU
		{F0AFF458-C130-44E0-BCB0-D183AE73A2D7}.Release|Any CPU.Build.0 = Release|Any CPU
		{B39FCBA7-6171-41E4-B48E-EBE18532E77F}.Debug|Any CPU.ActiveCfg = Debug|Any CPU
		{B39FCBA7-6171-41E4-B48E-EBE18532E77F}.Debug|Any CPU.Build.0 = Debug|Any CPU
		{B39FCBA7-6171-41E4-B48E-EBE18532E77F}.Release|Any CPU.ActiveCfg = Release|Any CPU
		{B39FCBA7-6171-41E4-B48E-EBE18532E77F}.Release|Any CPU.Build.0 = Release|Any CPU
		{4D605AEA-D162-4E1B-96A8-F5BF6790ED46}.Debug|Any CPU.ActiveCfg = Debug|Any CPU
		{4D605AEA-D162-4E1B-96A8-F5BF6790ED46}.Debug|Any CPU.Build.0 = Debug|Any CPU
		{4D605AEA-D162-4E1B-96A8-F5BF6790ED46}.Release|Any CPU.ActiveCfg = Release|Any CPU
		{4D605AEA-D162-4E1B-96A8-F5BF6790ED46}.Release|Any CPU.Build.0 = Release|Any CPU
		{25DFDEBF-37F1-437C-9296-FCC486BCCC05}.Debug|Any CPU.ActiveCfg = Debug|Any CPU
		{25DFDEBF-37F1-437C-9296-FCC486BCCC05}.Debug|Any CPU.Build.0 = Debug|Any CPU
		{25DFDEBF-37F1-437C-9296-FCC486BCCC05}.Release|Any CPU.ActiveCfg = Release|Any CPU
		{25DFDEBF-37F1-437C-9296-FCC486BCCC05}.Release|Any CPU.Build.0 = Release|Any CPU
		{9715D94B-E250-4367-8BF0-40BFA262A3B5}.Debug|Any CPU.ActiveCfg = Debug|Any CPU
		{9715D94B-E250-4367-8BF0-40BFA262A3B5}.Debug|Any CPU.Build.0 = Debug|Any CPU
		{9715D94B-E250-4367-8BF0-40BFA262A3B5}.Release|Any CPU.ActiveCfg = Release|Any CPU
		{9715D94B-E250-4367-8BF0-40BFA262A3B5}.Release|Any CPU.Build.0 = Release|Any CPU
		{DD3B81C2-8B40-4E24-9BE4-4C0D16152FE1}.Debug|Any CPU.ActiveCfg = Debug|Any CPU
		{DD3B81C2-8B40-4E24-9BE4-4C0D16152FE1}.Debug|Any CPU.Build.0 = Debug|Any CPU
		{DD3B81C2-8B40-4E24-9BE4-4C0D16152FE1}.Release|Any CPU.ActiveCfg = Release|Any CPU
		{DD3B81C2-8B40-4E24-9BE4-4C0D16152FE1}.Release|Any CPU.Build.0 = Release|Any CPU
		{01E5BC8E-5045-4FCF-A35E-F2F8682CB785}.Debug|Any CPU.ActiveCfg = Debug|Any CPU
		{01E5BC8E-5045-4FCF-A35E-F2F8682CB785}.Debug|Any CPU.Build.0 = Debug|Any CPU
		{01E5BC8E-5045-4FCF-A35E-F2F8682CB785}.Release|Any CPU.ActiveCfg = Release|Any CPU
		{01E5BC8E-5045-4FCF-A35E-F2F8682CB785}.Release|Any CPU.Build.0 = Release|Any CPU
		{40465A0C-4BAA-4EA0-8A5B-66EEB7FA06AC}.Debug|Any CPU.ActiveCfg = Debug|Any CPU
		{40465A0C-4BAA-4EA0-8A5B-66EEB7FA06AC}.Debug|Any CPU.Build.0 = Debug|Any CPU
		{40465A0C-4BAA-4EA0-8A5B-66EEB7FA06AC}.Release|Any CPU.ActiveCfg = Release|Any CPU
		{40465A0C-4BAA-4EA0-8A5B-66EEB7FA06AC}.Release|Any CPU.Build.0 = Release|Any CPU
		{67559C44-18A2-4861-A766-125A83ABE201}.Debug|Any CPU.ActiveCfg = Debug|Any CPU
		{67559C44-18A2-4861-A766-125A83ABE201}.Debug|Any CPU.Build.0 = Debug|Any CPU
		{67559C44-18A2-4861-A766-125A83ABE201}.Release|Any CPU.ActiveCfg = Release|Any CPU
		{67559C44-18A2-4861-A766-125A83ABE201}.Release|Any CPU.Build.0 = Release|Any CPU
		{4AE4800E-F90F-47D2-8C19-056144A6C04C}.Debug|Any CPU.ActiveCfg = Debug|Any CPU
		{4AE4800E-F90F-47D2-8C19-056144A6C04C}.Debug|Any CPU.Build.0 = Debug|Any CPU
		{4AE4800E-F90F-47D2-8C19-056144A6C04C}.Release|Any CPU.ActiveCfg = Release|Any CPU
		{4AE4800E-F90F-47D2-8C19-056144A6C04C}.Release|Any CPU.Build.0 = Release|Any CPU
		{BFB58DDE-2C61-4A16-9E13-317DD1BC098E}.Debug|Any CPU.ActiveCfg = Debug|Any CPU
		{BFB58DDE-2C61-4A16-9E13-317DD1BC098E}.Debug|Any CPU.Build.0 = Debug|Any CPU
		{BFB58DDE-2C61-4A16-9E13-317DD1BC098E}.Release|Any CPU.ActiveCfg = Release|Any CPU
		{BFB58DDE-2C61-4A16-9E13-317DD1BC098E}.Release|Any CPU.Build.0 = Release|Any CPU
		{C27FC671-7B56-43D1-9B53-1A9BF197003D}.Debug|Any CPU.ActiveCfg = Debug|Any CPU
		{C27FC671-7B56-43D1-9B53-1A9BF197003D}.Debug|Any CPU.Build.0 = Debug|Any CPU
		{C27FC671-7B56-43D1-9B53-1A9BF197003D}.Release|Any CPU.ActiveCfg = Release|Any CPU
		{C27FC671-7B56-43D1-9B53-1A9BF197003D}.Release|Any CPU.Build.0 = Release|Any CPU
		{92ABE96D-CDED-43D8-AEFC-83DC8BA94CD0}.Debug|Any CPU.ActiveCfg = Debug|Any CPU
		{92ABE96D-CDED-43D8-AEFC-83DC8BA94CD0}.Debug|Any CPU.Build.0 = Debug|Any CPU
		{92ABE96D-CDED-43D8-AEFC-83DC8BA94CD0}.Release|Any CPU.ActiveCfg = Release|Any CPU
		{92ABE96D-CDED-43D8-AEFC-83DC8BA94CD0}.Release|Any CPU.Build.0 = Release|Any CPU
		{587278D3-9ADE-4D9E-9EFB-67532BC30462}.Debug|Any CPU.ActiveCfg = Debug|Any CPU
		{587278D3-9ADE-4D9E-9EFB-67532BC30462}.Debug|Any CPU.Build.0 = Debug|Any CPU
		{587278D3-9ADE-4D9E-9EFB-67532BC30462}.Release|Any CPU.ActiveCfg = Release|Any CPU
		{587278D3-9ADE-4D9E-9EFB-67532BC30462}.Release|Any CPU.Build.0 = Release|Any CPU
		{43CC40F3-4281-4A11-8A41-2B93FA96F914}.Debug|Any CPU.ActiveCfg = Debug|Any CPU
		{43CC40F3-4281-4A11-8A41-2B93FA96F914}.Debug|Any CPU.Build.0 = Debug|Any CPU
		{43CC40F3-4281-4A11-8A41-2B93FA96F914}.Release|Any CPU.ActiveCfg = Release|Any CPU
		{43CC40F3-4281-4A11-8A41-2B93FA96F914}.Release|Any CPU.Build.0 = Release|Any CPU
		{2BDCE299-0838-4ED5-AC4E-CE4C9DCD2A47}.Debug|Any CPU.ActiveCfg = Debug|Any CPU
		{2BDCE299-0838-4ED5-AC4E-CE4C9DCD2A47}.Debug|Any CPU.Build.0 = Debug|Any CPU
		{2BDCE299-0838-4ED5-AC4E-CE4C9DCD2A47}.Release|Any CPU.ActiveCfg = Release|Any CPU
		{2BDCE299-0838-4ED5-AC4E-CE4C9DCD2A47}.Release|Any CPU.Build.0 = Release|Any CPU
		{DE101AE1-B759-4C12-BB97-8CADC3CD1605}.Debug|Any CPU.ActiveCfg = Debug|Any CPU
		{DE101AE1-B759-4C12-BB97-8CADC3CD1605}.Debug|Any CPU.Build.0 = Debug|Any CPU
		{DE101AE1-B759-4C12-BB97-8CADC3CD1605}.Release|Any CPU.ActiveCfg = Release|Any CPU
		{DE101AE1-B759-4C12-BB97-8CADC3CD1605}.Release|Any CPU.Build.0 = Release|Any CPU
		{EACF4F73-CE80-4847-AC0A-64A34D086D5C}.Debug|Any CPU.ActiveCfg = Debug|Any CPU
		{EACF4F73-CE80-4847-AC0A-64A34D086D5C}.Debug|Any CPU.Build.0 = Debug|Any CPU
		{EACF4F73-CE80-4847-AC0A-64A34D086D5C}.Release|Any CPU.ActiveCfg = Release|Any CPU
		{EACF4F73-CE80-4847-AC0A-64A34D086D5C}.Release|Any CPU.Build.0 = Release|Any CPU
	EndGlobalSection
	GlobalSection(SolutionProperties) = preSolution
		HideSolutionNode = FALSE
	EndGlobalSection
EndGlobal
